
Microsoft Visual Studio Solution File, Format Version 12.00
# Visual Studio Version 17
VisualStudioVersion = 17.4.33103.184
MinimumVisualStudioVersion = 10.0.40219.1
Project("{FAE04EC0-301F-11D3-BF4B-00C04F79EFBC}") = "Snake", "Snake\Snake.csproj", "{3013FE8E-CA57-4CEC-A73F-E2CB2B08D6E4}"
EndProject
Global
	GlobalSection(SolutionConfigurationPlatforms) = preSolution
		Debug|Any CPU = Debug|Any CPU
		Release|Any CPU = Release|Any CPU
	EndGlobalSection
	GlobalSection(ProjectConfigurationPlatforms) = postSolution
		{3013FE8E-CA57-4CEC-A73F-E2CB2B08D6E4}.Debug|Any CPU.ActiveCfg = Debug|Any CPU
		{3013FE8E-CA57-4CEC-A73F-E2CB2B08D6E4}.Debug|Any CPU.Build.0 = Debug|Any CPU
		{3013FE8E-CA57-4CEC-A73F-E2CB2B08D6E4}.Release|Any CPU.ActiveCfg = Release|Any CPU
		{3013FE8E-CA57-4CEC-A73F-E2CB2B08D6E4}.Release|Any CPU.Build.0 = Release|Any CPU
	EndGlobalSection
	GlobalSection(SolutionProperties) = preSolution
		HideSolutionNode = FALSE
	EndGlobalSection
	GlobalSection(ExtensibilityGlobals) = postSolution
		SolutionGuid = {1CC6F348-6FB6-4642-84EE-F1ACC84C51A3}
	EndGlobalSection
EndGlobal
